
Microsoft Visual Studio Solution File, Format Version 11.00
# Visual Studio 2010
Project("{8BC9CEB8-8B4A-11D0-8D11-00A0C91BC942}") = "Dupias-Favret - Jeu video", "Dupias-Favret - Jeu video\Dupias-Favret - Jeu video.vcxproj", "{F4C57631-EC7C-43F0-9344-87C45E465D36}"
EndProject
Global
	GlobalSection(SolutionConfigurationPlatforms) = preSolution
		Debug|Win32 = Debug|Win32
		Release|Win32 = Release|Win32
	EndGlobalSection
	GlobalSection(ProjectConfigurationPlatforms) = postSolution
		{F4C57631-EC7C-43F0-9344-87C45E465D36}.Debug|Win32.ActiveCfg = Debug|Win32
		{F4C57631-EC7C-43F0-9344-87C45E465D36}.Debug|Win32.Build.0 = Debug|Win32
		{F4C57631-EC7C-43F0-9344-87C45E465D36}.Release|Win32.ActiveCfg = Release|Win32
		{F4C57631-EC7C-43F0-9344-87C45E465D36}.Release|Win32.Build.0 = Release|Win32
	EndGlobalSection
	GlobalSection(SolutionProperties) = preSolution
		HideSolutionNode = FALSE
	EndGlobalSection
EndGlobal
